{
  "name": "todo-list",
  "version": "1.0.0",
  "lockfileVersion": 3,
  "requires": true,
  "packages": {
    "": {
      "name": "todo-list",
      "version": "1.0.0",
      "license": "ISC",
      "dependencies": {
        "@majidh1/jalalidatepicker": "^0.9.4"
      },
      "devDependencies": {}
    },
    "node_modules/@majidh1/jalalidatepicker": {
      "version": "0.9.4",
      "resolved": "https://registry.npmjs.org/@majidh1/jalalidatepicker/-/jalalidatepicker-0.9.4.tgz",
      "integrity": "sha512-HPcQP6FrbUMuav9Mjqti63rBxdaF7pe3vvxi5JvO7fiWftszm4cnvsciI9H6C1SS1FrATQhm35XOTQS5o0dcbQ=="
    }
  }
}
