{
  "name": "Todo List",
  "lockfileVersion": 3,
  "requires": true,
  "packages": {
    "": {
      "dependencies": {
        "@majidh1/jalalidatepicker": "^0.9.3"
      }
    },
    "node_modules/@majidh1/jalalidatepicker": {
      "version": "0.9.3",
      "resolved": "https://registry.npmjs.org/@majidh1/jalalidatepicker/-/jalalidatepicker-0.9.3.tgz",
      "integrity": "sha512-DSq+licz4c2v+hThGBwTpO21YDzF2Q7T8e4E62bixDq5KC4P+TXKapokn6uCilWaM5/YGwSo66dsbkd0FU8W0w=="
    }
  }
}
